
Microsoft Visual Studio Solution File, Format Version 12.00
# Visual Studio Version 17
VisualStudioVersion = 17.0.31903.59
MinimumVisualStudioVersion = 10.0.40219.1
Project("{FAE04EC0-301F-11D3-BF4B-00C04F79EFBC}") = "server.api", "server.api\server.api.csproj", "{E4F49BE5-3F0A-47CE-B624-9208BCA8B2C1}"
EndProject
Project("{FAE04EC0-301F-11D3-BF4B-00C04F79EFBC}") = "server.domain", "server.domain\server.domain.csproj", "{6DFCBE6F-A712-4F92-A03D-69FA3F86560E}"
EndProject
Project("{FAE04EC0-301F-11D3-BF4B-00C04F79EFBC}") = "server.infrastructure", "server.infrastructure\server.infrastructure.csproj", "{CD48DBDC-7940-4775-8704-7F8F180D1AF9}"
EndProject
Global
	GlobalSection(SolutionConfigurationPlatforms) = preSolution
		Debug|Any CPU = Debug|Any CPU
		Debug|x64 = Debug|x64
		Debug|x86 = Debug|x86
		Release|Any CPU = Release|Any CPU
		Release|x64 = Release|x64
		Release|x86 = Release|x86
	EndGlobalSection
	GlobalSection(ProjectConfigurationPlatforms) = postSolution
		{E4F49BE5-3F0A-47CE-B624-9208BCA8B2C1}.Debug|Any CPU.ActiveCfg = Debug|Any CPU
		{E4F49BE5-3F0A-47CE-B624-9208BCA8B2C1}.Debug|Any CPU.Build.0 = Debug|Any CPU
		{E4F49BE5-3F0A-47CE-B624-9208BCA8B2C1}.Debug|x64.ActiveCfg = Debug|Any CPU
		{E4F49BE5-3F0A-47CE-B624-9208BCA8B2C1}.Debug|x64.Build.0 = Debug|Any CPU
		{E4F49BE5-3F0A-47CE-B624-9208BCA8B2C1}.Debug|x86.ActiveCfg = Debug|Any CPU
		{E4F49BE5-3F0A-47CE-B624-9208BCA8B2C1}.Debug|x86.Build.0 = Debug|Any CPU
		{E4F49BE5-3F0A-47CE-B624-9208BCA8B2C1}.Release|Any CPU.ActiveCfg = Release|Any CPU
		{E4F49BE5-3F0A-47CE-B624-9208BCA8B2C1}.Release|Any CPU.Build.0 = Release|Any CPU
		{E4F49BE5-3F0A-47CE-B624-9208BCA8B2C1}.Release|x64.ActiveCfg = Release|Any CPU
		{E4F49BE5-3F0A-47CE-B624-9208BCA8B2C1}.Release|x64.Build.0 = Release|Any CPU
		{E4F49BE5-3F0A-47CE-B624-9208BCA8B2C1}.Release|x86.ActiveCfg = Release|Any CPU
		{E4F49BE5-3F0A-47CE-B624-9208BCA8B2C1}.Release|x86.Build.0 = Release|Any CPU
		{6DFCBE6F-A712-4F92-A03D-69FA3F86560E}.Debug|Any CPU.ActiveCfg = Debug|Any CPU
		{6DFCBE6F-A712-4F92-A03D-69FA3F86560E}.Debug|Any CPU.Build.0 = Debug|Any CPU
		{6DFCBE6F-A712-4F92-A03D-69FA3F86560E}.Debug|x64.ActiveCfg = Debug|Any CPU
		{6DFCBE6F-A712-4F92-A03D-69FA3F86560E}.Debug|x64.Build.0 = Debug|Any CPU
		{6DFCBE6F-A712-4F92-A03D-69FA3F86560E}.Debug|x86.ActiveCfg = Debug|Any CPU
		{6DFCBE6F-A712-4F92-A03D-69FA3F86560E}.Debug|x86.Build.0 = Debug|Any CPU
		{6DFCBE6F-A712-4F92-A03D-69FA3F86560E}.Release|Any CPU.ActiveCfg = Release|Any CPU
		{6DFCBE6F-A712-4F92-A03D-69FA3F86560E}.Release|Any CPU.Build.0 = Release|Any CPU
		{6DFCBE6F-A712-4F92-A03D-69FA3F86560E}.Release|x64.ActiveCfg = Release|Any CPU
		{6DFCBE6F-A712-4F92-A03D-69FA3F86560E}.Release|x64.Build.0 = Release|Any CPU
		{6DFCBE6F-A712-4F92-A03D-69FA3F86560E}.Release|x86.ActiveCfg = Release|Any CPU
		{6DFCBE6F-A712-4F92-A03D-69FA3F86560E}.Release|x86.Build.0 = Release|Any CPU
		{CD48DBDC-7940-4775-8704-7F8F180D1AF9}.Debug|Any CPU.ActiveCfg = Debug|Any CPU
		{CD48DBDC-7940-4775-8704-7F8F180D1AF9}.Debug|Any CPU.Build.0 = Debug|Any CPU
		{CD48DBDC-7940-4775-8704-7F8F180D1AF9}.Debug|x64.ActiveCfg = Debug|Any CPU
		{CD48DBDC-7940-4775-8704-7F8F180D1AF9}.Debug|x64.Build.0 = Debug|Any CPU
		{CD48DBDC-7940-4775-8704-7F8F180D1AF9}.Debug|x86.ActiveCfg = Debug|Any CPU
		{CD48DBDC-7940-4775-8704-7F8F180D1AF9}.Debug|x86.Build.0 = Debug|Any CPU
		{CD48DBDC-7940-4775-8704-7F8F180D1AF9}.Release|Any CPU.ActiveCfg = Release|Any CPU
		{CD48DBDC-7940-4775-8704-7F8F180D1AF9}.Release|Any CPU.Build.0 = Release|Any CPU
		{CD48DBDC-7940-4775-8704-7F8F180D1AF9}.Release|x64.ActiveCfg = Release|Any CPU
		{CD48DBDC-7940-4775-8704-7F8F180D1AF9}.Release|x64.Build.0 = Release|Any CPU
		{CD48DBDC-7940-4775-8704-7F8F180D1AF9}.Release|x86.ActiveCfg = Release|Any CPU
		{CD48DBDC-7940-4775-8704-7F8F180D1AF9}.Release|x86.Build.0 = Release|Any CPU
	EndGlobalSection
	GlobalSection(SolutionProperties) = preSolution
		HideSolutionNode = FALSE
	EndGlobalSection
EndGlobal
